{
  "name": "HealthcareAccelerator",
  "lockfileVersion": 3,
  "requires": true,
  "packages": {
    "": {
      "dependencies": {
        "propelsdlc-copilot-stub": "^1.6.0"
      }
    },
    "node_modules/propelsdlc-copilot-stub": {
      "version": "1.6.0",
      "resolved": "https://registry.npmjs.org/propelsdlc-copilot-stub/-/propelsdlc-copilot-stub-1.6.0.tgz",
      "integrity": "sha512-fRCod2gD1IGfqQPbJlURI4rxtSFENARVZBml5uCSh+T6TMMKlWrVdVFryADxNX6ltuGrE085eUx/p/8ilXtXNA==",
      "license": "SEE LICENSE IN LICENSE",
      "bin": {
        "propelsdlc-copilot-init": "bin/init.js"
      },
      "engines": {
        "node": ">=14.0.0"
      }
    }
  }
}
